
Microsoft Visual Studio Solution File, Format Version 12.00
# Visual Studio Version 17
VisualStudioVersion = 17.6.33723.286
MinimumVisualStudioVersion = 10.0.40219.1
Project("{FAE04EC0-301F-11D3-BF4B-00C04F79EFBC}") = "StudentAdmin", "StudentAdmin\StudentAdmin.csproj", "{97E8EBD7-7D13-454B-AB25-280E720D4717}"
EndProject
Global
	GlobalSection(SolutionConfigurationPlatforms) = preSolution
		Debug|Any CPU = Debug|Any CPU
		Release|Any CPU = Release|Any CPU
	EndGlobalSection
	GlobalSection(ProjectConfigurationPlatforms) = postSolution
		{97E8EBD7-7D13-454B-AB25-280E720D4717}.Debug|Any CPU.ActiveCfg = Debug|Any CPU
		{97E8EBD7-7D13-454B-AB25-280E720D4717}.Debug|Any CPU.Build.0 = Debug|Any CPU
		{97E8EBD7-7D13-454B-AB25-280E720D4717}.Release|Any CPU.ActiveCfg = Release|Any CPU
		{97E8EBD7-7D13-454B-AB25-280E720D4717}.Release|Any CPU.Build.0 = Release|Any CPU
	EndGlobalSection
	GlobalSection(SolutionProperties) = preSolution
		HideSolutionNode = FALSE
	EndGlobalSection
	GlobalSection(ExtensibilityGlobals) = postSolution
		SolutionGuid = {8B38C648-80D6-4302-8CB4-4D4B48E83752}
	EndGlobalSection
EndGlobal
